{
  "name": "blindparser",
  "version": "0.0.17",
  "dependencies": {
    "xml2js": {
      "version": "0.2.3",
      "from": "xml2js@0.2.3",
      "resolved": "https://registry.npmjs.org/xml2js/-/xml2js-0.2.3.tgz",
      "dependencies": {
        "sax": {
          "version": "0.5.1",
          "from": "sax@>=0.4.2",
          "resolved": "https://registry.npmjs.org/sax/-/sax-0.5.1.tgz"
        }
      }
    },
    "request": {
      "version": "2.12.0",
      "from": "request@2.12.0",
      "resolved": "https://registry.npmjs.org/request/-/request-2.12.0.tgz",
      "dependencies": {
        "form-data": {
          "version": "0.0.3",
          "from": "form-data",
          "dependencies": {
            "combined-stream": {
              "version": "0.0.3",
              "from": "combined-stream@0.0.3",
              "dependencies": {
                "delayed-stream": {
                  "version": "0.0.5",
                  "from": "delayed-stream@0.0.5"
                }
              }
            },
            "async": {
              "version": "0.1.9",
              "from": "async@0.1.9"
            }
          }
        },
        "mime": {
          "version": "1.2.7",
          "from": "mime"
        }
      }
    },
    "underscore": {
      "version": "1.4.4",
      "from": "underscore@1.4.4",
      "resolved": "https://registry.npmjs.org/underscore/-/underscore-1.4.4.tgz"
    },
    "vows": {
      "version": "0.6.4",
      "from": "vows@0.6.4",
      "resolved": "https://registry.npmjs.org/vows/-/vows-0.6.4.tgz",
      "dependencies": {
        "eyes": {
          "version": "0.1.8",
          "from": "eyes@0.1.8",
          "resolved": "https://registry.npmjs.org/eyes/-/eyes-0.1.8.tgz"
        },
        "diff": {
          "version": "1.0.3",
          "from": "diff@1.0.3",
          "resolved": "https://registry.npmjs.org/diff/-/diff-1.0.3.tgz"
        }
      }
    }
  }
}
